// !$*UTF8*$!
{
	archiveVersion = 1;
	classes = {
	};
	objectVersion = 77;
	objects = {

/* Begin PBXBuildFile section */
		C283DDD72F29F99E007308E0 /* SwiftSoup in Frameworks */ = {isa = PBXBuildFile; productRef = C283DDD62F29F99E007308E0 /* SwiftSoup */; };
/* End PBXBuildFile section */

/* Begin PBXContainerItemProxy section */
		C219ECE82DAAE30D0063AB7E /* PBXContainerItemProxy */ = {
			isa = PBXContainerItemProxy;
			containerPortal = C219ECD02DAAE3090063AB7E /* Project object */;
			proxyType = 1;
			remoteGlobalIDString = C219ECD72DAAE3090063AB7E;
			remoteInfo = Rasp;
		};
		C219ECF22DAAE30D0063AB7E /* PBXContainerItemProxy */ = {
			isa = PBXContainerItemProxy;
			containerPortal = C219ECD02DAAE3090063AB7E /* Project object */;
			proxyType = 1;
			remoteGlobalIDString = C219ECD72DAAE3090063AB7E;
			remoteInfo = Rasp;
		};
/* End PBXContainerItemProxy section */

/* Begin PBXFileReference section */
		C219ECD82DAAE3090063AB7E /* Raspy.app */ = {isa = PBXFileReference; explicitFileType = wrapper.application; includeInIndex = 0; path = Raspy.app; sourceTree = BUILT_PRODUCTS_DIR; };
		C219ECE72DAAE30D0063AB7E /* RaspyTests.xctest */ = {isa = PBXFileReference; explicitFileType = wrapper.cfbundle; includeInIndex = 0; path = RaspyTests.xctest; sourceTree = BUILT_PRODUCTS_DIR; };
		C219ECF12DAAE30D0063AB7E /* RaspyUITests.xctest */ = {isa = PBXFileReference; explicitFileType = wrapper.cfbundle; includeInIndex = 0; path = RaspyUITests.xctest; sourceTree = BUILT_PRODUCTS_DIR; };
/* End PBXFileReference section */

/* Begin PBXFileSystemSynchronizedBuildFileExceptionSet section */
		C2F7E2452E771C7C00E24206 /* Exceptions for "Raspy" folder in "Raspy" target */ = {
			isa = PBXFileSystemSynchronizedBuildFileExceptionSet;
			membershipExceptions = (
				Info.plist,
			);
			target = C219ECD72DAAE3090063AB7E /* Raspy */;
		};
/* End PBXFileSystemSynchronizedBuildFileExceptionSet section */

/* Begin PBXFileSystemSynchronizedRootGroup section */
		C219ECDA2DAAE3090063AB7E /* Raspy */ = {
			isa = PBXFileSystemSynchronizedRootGroup;
			exceptions = (
				C2F7E2452E771C7C00E24206 /* Exceptions for "Raspy" folder in "Raspy" target */,
			);
			path = Raspy;
			sourceTree = "<group>";
		};
		C219ECEA2DAAE30D0063AB7E /* RaspyTests */ = {
			isa = PBXFileSystemSynchronizedRootGroup;
			path = RaspyTests;
			sourceTree = "<group>";
		};
/* End PBXFileSystemSynchronizedRootGroup section */

/* Begin PBXFrameworksBuildPhase section */
		C219ECD52DAAE3090063AB7E /* Frameworks */ = {
			isa = PBXFrameworksBuildPhase;
			buildActionMask = 2147483647;
			files = (
				C283DDD72F29F99E007308E0 /* SwiftSoup in Frameworks */,
			);
			runOnlyForDeploymentPostprocessing = 0;
		};
		C219ECE42DAAE30D0063AB7E /* Frameworks */ = {
			isa = PBXFrameworksBuildPhase;
			buildActionMask = 2147483647;
			files = (
			);
			runOnlyForDeploymentPostprocessing = 0;
		};
		C219ECEE2DAAE30D0063AB7E /* Frameworks */ = {
			isa = PBXFrameworksBuildPhase;
			buildActionMask = 2147483647;
			files = (
			);
			runOnlyForDeploymentPostprocessing = 0;
		};
/* End PBXFrameworksBuildPhase section */

/* Begin PBXGroup section */
		C219ECCF2DAAE3090063AB7E = {
			isa = PBXGroup;
			children = (
				C219ECDA2DAAE3090063AB7E /* Raspy */,
				C219ECEA2DAAE30D0063AB7E /* RaspyTests */,
				C283DDD52F29F99E007308E0 /* Frameworks */,
				C219ECD92DAAE3090063AB7E /* Products */,
			);
			sourceTree = "<group>";
		};
		C219ECD92DAAE3090063AB7E /* Products */ = {
			isa = PBXGroup;
			children = (
				C219ECD82DAAE3090063AB7E /* Raspy.app */,
				C219ECE72DAAE30D0063AB7E /* RaspyTests.xctest */,
				C219ECF12DAAE30D0063AB7E /* RaspyUITests.xctest */,
			);
			name = Products;
			sourceTree = "<group>";
		};
		C283DDD52F29F99E007308E0 /* Frameworks */ = {
			isa = PBXGroup;
			children = (
			);
			name = Frameworks;
			sourceTree = "<group>";
		};
/* End PBXGroup section */

/* Begin PBXNativeTarget section */
		C219ECD72DAAE3090063AB7E /* Raspy */ = {
			isa = PBXNativeTarget;
			buildConfigurationList = C219ECFB2DAAE30D0063AB7E /* Build configuration list for PBXNativeTarget "Raspy" */;
			buildPhases = (
				C219ECD42DAAE3090063AB7E /* Sources */,
				C219ECD52DAAE3090063AB7E /* Frameworks */,
				C219ECD62DAAE3090063AB7E /* Resources */,
			);
			buildRules = (
			);
			dependencies = (
			);
			fileSystemSynchronizedGroups = (
				C219ECDA2DAAE3090063AB7E /* Raspy */,
			);
			name = Raspy;
			packageProductDependencies = (
				C283DDD62F29F99E007308E0 /* SwiftSoup */,
			);
			productName = Rasp;
			productReference = C219ECD82DAAE3090063AB7E /* Raspy.app */;
			productType = "com.apple.product-type.application";
		};
		C219ECE62DAAE30D0063AB7E /* RaspyTests */ = {
			isa = PBXNativeTarget;
			buildConfigurationList = C219ECFE2DAAE30D0063AB7E /* Build configuration list for PBXNativeTarget "RaspyTests" */;
			buildPhases = (
				C219ECE32DAAE30D0063AB7E /* Sources */,
				C219ECE42DAAE30D0063AB7E /* Frameworks */,
				C219ECE52DAAE30D0063AB7E /* Resources */,
			);
			buildRules = (
			);
			dependencies = (
				C219ECE92DAAE30D0063AB7E /* PBXTargetDependency */,
			);
			fileSystemSynchronizedGroups = (
				C219ECEA2DAAE30D0063AB7E /* RaspyTests */,
			);
			name = RaspyTests;
			packageProductDependencies = (
			);
			productName = RaspTests;
			productReference = C219ECE72DAAE30D0063AB7E /* RaspyTests.xctest */;
			productType = "com.apple.product-type.bundle.unit-test";
		};
		C219ECF02DAAE30D0063AB7E /* RaspyUITests */ = {
			isa = PBXNativeTarget;
			buildConfigurationList = C219ED012DAAE30D0063AB7E /* Build configuration list for PBXNativeTarget "RaspyUITests" */;
			buildPhases = (
				C219ECED2DAAE30D0063AB7E /* Sources */,
				C219ECEE2DAAE30D0063AB7E /* Frameworks */,
				C219ECEF2DAAE30D0063AB7E /* Resources */,
			);
			buildRules = (
			);
			dependencies = (
				C219ECF32DAAE30D0063AB7E /* PBXTargetDependency */,
			);
			name = RaspyUITests;
			packageProductDependencies = (
			);
			productName = RaspUITests;
			productReference = C219ECF12DAAE30D0063AB7E /* RaspyUITests.xctest */;
			productType = "com.apple.product-type.bundle.ui-testing";
		};
/* End PBXNativeTarget section */

/* Begin PBXProject section */
		C219ECD02DAAE3090063AB7E /* Project object */ = {
			isa = PBXProject;
			attributes = {
				BuildIndependentTargetsInParallel = 1;
				LastSwiftUpdateCheck = 1630;
				LastUpgradeCheck = 2600;
				TargetAttributes = {
					C219ECD72DAAE3090063AB7E = {
						CreatedOnToolsVersion = 16.3;
					};
					C219ECE62DAAE30D0063AB7E = {
						CreatedOnToolsVersion = 16.3;
						TestTargetID = C219ECD72DAAE3090063AB7E;
					};
					C219ECF02DAAE30D0063AB7E = {
						CreatedOnToolsVersion = 16.3;
						TestTargetID = C219ECD72DAAE3090063AB7E;
					};
				};
			};
			buildConfigurationList = C219ECD32DAAE3090063AB7E /* Build configuration list for PBXProject "Raspy" */;
			developmentRegion = ru;
			hasScannedForEncodings = 0;
			knownRegions = (
				Base,
				ru,
			);
			mainGroup = C219ECCF2DAAE3090063AB7E;
			minimizedProjectReferenceProxies = 1;
			packageReferences = (
				C283DDD42F29F356007308E0 /* XCRemoteSwiftPackageReference "SwiftSoup" */,
			);
			preferredProjectObjectVersion = 77;
			productRefGroup = C219ECD92DAAE3090063AB7E /* Products */;
			projectDirPath = "";
			projectRoot = "";
			targets = (
				C219ECD72DAAE3090063AB7E /* Raspy */,
				C219ECE62DAAE30D0063AB7E /* RaspyTests */,
				C219ECF02DAAE30D0063AB7E /* RaspyUITests */,
			);
		};
/* End PBXProject section */

/* Begin PBXResourcesBuildPhase section */
		C219ECD62DAAE3090063AB7E /* Resources */ = {
			isa = PBXResourcesBuildPhase;
			buildActionMask = 2147483647;
			files = (
			);
			runOnlyForDeploymentPostprocessing = 0;
		};
		C219ECE52DAAE30D0063AB7E /* Resources */ = {
			isa = PBXResourcesBuildPhase;
			buildActionMask = 2147483647;
			files = (
			);
			runOnlyForDeploymentPostprocessing = 0;
		};
		C219ECEF2DAAE30D0063AB7E /* Resources */ = {
			isa = PBXResourcesBuildPhase;
			buildActionMask = 2147483647;
			files = (
			);
			runOnlyForDeploymentPostprocessing = 0;
		};
/* End PBXResourcesBuildPhase section */

/* Begin PBXSourcesBuildPhase section */
		C219ECD42DAAE3090063AB7E /* Sources */ = {
			isa = PBXSourcesBuildPhase;
			buildActionMask = 2147483647;
			files = (
			);
			runOnlyForDeploymentPostprocessing = 0;
		};
		C219ECE32DAAE30D0063AB7E /* Sources */ = {
			isa = PBXSourcesBuildPhase;
			buildActionMask = 2147483647;
			files = (
			);
			runOnlyForDeploymentPostprocessing = 0;
		};
		C219ECED2DAAE30D0063AB7E /* Sources */ = {
			isa = PBXSourcesBuildPhase;
			buildActionMask = 2147483647;
			files = (
			);
			runOnlyForDeploymentPostprocessing = 0;
		};
/* End PBXSourcesBuildPhase section */

/* Begin PBXTargetDependency section */
		C219ECE92DAAE30D0063AB7E /* PBXTargetDependency */ = {
			isa = PBXTargetDependency;
			target = C219ECD72DAAE3090063AB7E /* Raspy */;
			targetProxy = C219ECE82DAAE30D0063AB7E /* PBXContainerItemProxy */;
		};
		C219ECF32DAAE30D0063AB7E /* PBXTargetDependency */ = {
			isa = PBXTargetDependency;
			target = C219ECD72DAAE3090063AB7E /* Raspy */;
			targetProxy = C219ECF22DAAE30D0063AB7E /* PBXContainerItemProxy */;
		};
/* End PBXTargetDependency section */

/* Begin XCBuildConfiguration section */
		C219ECF92DAAE30D0063AB7E /* Debug */ = {
			isa = XCBuildConfiguration;
			buildSettings = {
				ALWAYS_SEARCH_USER_PATHS = NO;
				ASSETCATALOG_COMPILER_GENERATE_SWIFT_ASSET_SYMBOL_EXTENSIONS = YES;
				CLANG_ANALYZER_NONNULL = YES;
				CLANG_ANALYZER_NUMBER_OBJECT_CONVERSION = YES_AGGRESSIVE;
				CLANG_CXX_LANGUAGE_STANDARD = "gnu++20";
				CLANG_ENABLE_MODULES = YES;
				CLANG_ENABLE_OBJC_ARC = YES;
				CLANG_ENABLE_OBJC_WEAK = YES;
				CLANG_WARN_BLOCK_CAPTURE_AUTORELEASING = YES;
				CLANG_WARN_BOOL_CONVERSION = YES;
				CLANG_WARN_COMMA = YES;
				CLANG_WARN_CONSTANT_CONVERSION = YES;
				CLANG_WARN_DEPRECATED_OBJC_IMPLEMENTATIONS = YES;
				CLANG_WARN_DIRECT_OBJC_ISA_USAGE = YES_ERROR;
				CLANG_WARN_DOCUMENTATION_COMMENTS = YES;
				CLANG_WARN_EMPTY_BODY = YES;
				CLANG_WARN_ENUM_CONVERSION = YES;
				CLANG_WARN_INFINITE_RECURSION = YES;
				CLANG_WARN_INT_CONVERSION = YES;
				CLANG_WARN_NON_LITERAL_NULL_CONVERSION = YES;
				CLANG_WARN_OBJC_IMPLICIT_RETAIN_SELF = YES;
				CLANG_WARN_OBJC_LITERAL_CONVERSION = YES;
				CLANG_WARN_OBJC_ROOT_CLASS = YES_ERROR;
				CLANG_WARN_QUOTED_INCLUDE_IN_FRAMEWORK_HEADER = YES;
				CLANG_WARN_RANGE_LOOP_ANALYSIS = YES;
				CLANG_WARN_STRICT_PROTOTYPES = YES;
				CLANG_WARN_SUSPICIOUS_MOVE = YES;
				CLANG_WARN_UNGUARDED_AVAILABILITY = YES_AGGRESSIVE;
				CLANG_WARN_UNREACHABLE_CODE = YES;
				CLANG_WARN__DUPLICATE_METHOD_MATCH = YES;
				COPY_PHASE_STRIP = NO;
				DEBUG_INFORMATION_FORMAT = dwarf;
				DEVELOPMENT_TEAM = 87T8W36ZSD;
				ENABLE_STRICT_OBJC_MSGSEND = YES;
				ENABLE_TESTABILITY = YES;
				ENABLE_USER_SCRIPT_SANDBOXING = YES;
				GCC_C_LANGUAGE_STANDARD = gnu17;
				GCC_DYNAMIC_NO_PIC = NO;
				GCC_NO_COMMON_BLOCKS = YES;
				GCC_OPTIMIZATION_LEVEL = 0;
				GCC_PREPROCESSOR_DEFINITIONS = (
					"DEBUG=1",
					"$(inherited)",
				);
				GCC_WARN_64_TO_32_BIT_CONVERSION = YES;
				GCC_WARN_ABOUT_RETURN_TYPE = YES_ERROR;
				GCC_WARN_UNDECLARED_SELECTOR = YES;
				GCC_WARN_UNINITIALIZED_AUTOS = YES_AGGRESSIVE;
				GCC_WARN_UNUSED_FUNCTION = YES;
				GCC_WARN_UNUSED_VARIABLE = YES;
				IPHONEOS_DEPLOYMENT_TARGET = 18.4;
				LOCALIZATION_PREFERS_STRING_CATALOGS = YES;
				MTL_ENABLE_DEBUG_INFO = INCLUDE_SOURCE;
				MTL_FAST_MATH = YES;
				ONLY_ACTIVE_ARCH = YES;
				SDKROOT = iphoneos;
				STRING_CATALOG_GENERATE_SYMBOLS = YES;
				SWIFT_ACTIVE_COMPILATION_CONDITIONS = "DEBUG $(inherited)";
				SWIFT_OPTIMIZATION_LEVEL = "-Onone";
			};
			name = Debug;
		};
		C219ECFA2DAAE30D0063AB7E /* Release */ = {
			isa = XCBuildConfiguration;
			buildSettings = {
				ALWAYS_SEARCH_USER_PATHS = NO;
				ASSETCATALOG_COMPILER_GENERATE_SWIFT_ASSET_SYMBOL_EXTENSIONS = YES;
				CLANG_ANALYZER_NONNULL = YES;
				CLANG_ANALYZER_NUMBER_OBJECT_CONVERSION = YES_AGGRESSIVE;
				CLANG_CXX_LANGUAGE_STANDARD = "gnu++20";
				CLANG_ENABLE_MODULES = YES;
				CLANG_ENABLE_OBJC_ARC = YES;
				CLANG_ENABLE_OBJC_WEAK = YES;
				CLANG_WARN_BLOCK_CAPTURE_AUTORELEASING = YES;
				CLANG_WARN_BOOL_CONVERSION = YES;
				CLANG_WARN_COMMA = YES;
				CLANG_WARN_CONSTANT_CONVERSION = YES;
				CLANG_WARN_DEPRECATED_OBJC_IMPLEMENTATIONS = YES;
				CLANG_WARN_DIRECT_OBJC_ISA_USAGE = YES_ERROR;
				CLANG_WARN_DOCUMENTATION_COMMENTS = YES;
				CLANG_WARN_EMPTY_BODY = YES;
				CLANG_WARN_ENUM_CONVERSION = YES;
				CLANG_WARN_INFINITE_RECURSION = YES;
				CLANG_WARN_INT_CONVERSION = YES;
				CLANG_WARN_NON_LITERAL_NULL_CONVERSION = YES;
				CLANG_WARN_OBJC_IMPLICIT_RETAIN_SELF = YES;
				CLANG_WARN_OBJC_LITERAL_CONVERSION = YES;
				CLANG_WARN_OBJC_ROOT_CLASS = YES_ERROR;
				CLANG_WARN_QUOTED_INCLUDE_IN_FRAMEWORK_HEADER = YES;
				CLANG_WARN_RANGE_LOOP_ANALYSIS = YES;
				CLANG_WARN_STRICT_PROTOTYPES = YES;
				CLANG_WARN_SUSPICIOUS_MOVE = YES;
				CLANG_WARN_UNGUARDED_AVAILABILITY = YES_AGGRESSIVE;
				CLANG_WARN_UNREACHABLE_CODE = YES;
				CLANG_WARN__DUPLICATE_METHOD_MATCH = YES;
				COPY_PHASE_STRIP = NO;
				DEBUG_INFORMATION_FORMAT = "dwarf-with-dsym";
				DEVELOPMENT_TEAM = 87T8W36ZSD;
				ENABLE_NS_ASSERTIONS = NO;
				ENABLE_STRICT_OBJC_MSGSEND = YES;
				ENABLE_USER_SCRIPT_SANDBOXING = YES;
				GCC_C_LANGUAGE_STANDARD = gnu17;
				GCC_NO_COMMON_BLOCKS = YES;
				GCC_WARN_64_TO_32_BIT_CONVERSION = YES;
				GCC_WARN_ABOUT_RETURN_TYPE = YES_ERROR;
				GCC_WARN_UNDECLARED_SELECTOR = YES;
				GCC_WARN_UNINITIALIZED_AUTOS = YES_AGGRESSIVE;
				GCC_WARN_UNUSED_FUNCTION = YES;
				GCC_WARN_UNUSED_VARIABLE = YES;
				IPHONEOS_DEPLOYMENT_TARGET = 18.4;
				LOCALIZATION_PREFERS_STRING_CATALOGS = YES;
				MTL_ENABLE_DEBUG_INFO = NO;
				MTL_FAST_MATH = YES;
				SDKROOT = iphoneos;
				STRING_CATALOG_GENERATE_SYMBOLS = YES;
				SWIFT_COMPILATION_MODE = wholemodule;
				VALIDATE_PRODUCT = YES;
			};
			name = Release;
		};
		C219ECFC2DAAE30D0063AB7E /* Debug */ = {
			isa = XCBuildConfiguration;
			buildSettings = {
				ASSETCATALOG_COMPILER_APPICON_NAME = AppIcon;
				ASSETCATALOG_COMPILER_GLOBAL_ACCENT_COLOR_NAME = AccentColor;
				CODE_SIGN_IDENTITY = "Apple Development";
				CODE_SIGN_STYLE = Automatic;
				CURRENT_PROJECT_VERSION = 1;
				DEVELOPMENT_ASSET_PATHS = "";
				DEVELOPMENT_TEAM = Z7559ABP3J;
				ENABLE_PREVIEWS = YES;
				GENERATE_INFOPLIST_FILE = YES;
				INFOPLIST_FILE = Raspy/Info.plist;
				INFOPLIST_KEY_CFBundleDisplayName = Raspy;
				INFOPLIST_KEY_LSApplicationCategoryType = "public.app-category.education";
				INFOPLIST_KEY_UIApplicationSceneManifest_Generation = YES;
				INFOPLIST_KEY_UIApplicationSupportsIndirectInputEvents = YES;
				INFOPLIST_KEY_UILaunchScreen_Generation = YES;
				INFOPLIST_KEY_UISupportedInterfaceOrientations = UIInterfaceOrientationPortrait;
				INFOPLIST_KEY_UISupportedInterfaceOrientations_iPad = "UIInterfaceOrientationLandscapeLeft UIInterfaceOrientationLandscapeRight UIInterfaceOrientationPortrait UIInterfaceOrientationPortraitUpsideDown";
				LD_RUNPATH_SEARCH_PATHS = (
					"$(inherited)",
					"@executable_path/Frameworks",
				);
				MARKETING_VERSION = 0.2.0;
				PRODUCT_BUNDLE_IDENTIFIER = kartakun.Raspy;
				PRODUCT_NAME = "$(TARGET_NAME)";
				PROVISIONING_PROFILE_SPECIFIER = "";
				SUPPORTED_PLATFORMS = "iphoneos iphonesimulator";
				SUPPORTS_MACCATALYST = NO;
				SUPPORTS_XR_DESIGNED_FOR_IPHONE_IPAD = NO;
				SWIFT_EMIT_LOC_STRINGS = YES;
				SWIFT_VERSION = 5.0;
				TARGETED_DEVICE_FAMILY = 1;
			};
			name = Debug;
		};
		C219ECFD2DAAE30D0063AB7E /* Release */ = {
			isa = XCBuildConfiguration;
			buildSettings = {
				ASSETCATALOG_COMPILER_APPICON_NAME = AppIcon;
				ASSETCATALOG_COMPILER_GLOBAL_ACCENT_COLOR_NAME = AccentColor;
				CODE_SIGN_IDENTITY = "Apple Development";
				CODE_SIGN_STYLE = Automatic;
				CURRENT_PROJECT_VERSION = 1;
				DEVELOPMENT_ASSET_PATHS = "";
				DEVELOPMENT_TEAM = Z7559ABP3J;
				ENABLE_PREVIEWS = YES;
				GENERATE_INFOPLIST_FILE = YES;
				INFOPLIST_FILE = Raspy/Info.plist;
				INFOPLIST_KEY_CFBundleDisplayName = Raspy;
				INFOPLIST_KEY_LSApplicationCategoryType = "public.app-category.education";
				INFOPLIST_KEY_UIApplicationSceneManifest_Generation = YES;
				INFOPLIST_KEY_UIApplicationSupportsIndirectInputEvents = YES;
				INFOPLIST_KEY_UILaunchScreen_Generation = YES;
				INFOPLIST_KEY_UISupportedInterfaceOrientations = UIInterfaceOrientationPortrait;
				INFOPLIST_KEY_UISupportedInterfaceOrientations_iPad = "UIInterfaceOrientationLandscapeLeft UIInterfaceOrientationLandscapeRight UIInterfaceOrientationPortrait UIInterfaceOrientationPortraitUpsideDown";
				LD_RUNPATH_SEARCH_PATHS = (
					"$(inherited)",
					"@executable_path/Frameworks",
				);
				MARKETING_VERSION = 0.2.0;
				PRODUCT_BUNDLE_IDENTIFIER = kartakun.Raspy;
				PRODUCT_NAME = "$(TARGET_NAME)";
				PROVISIONING_PROFILE_SPECIFIER = "";
				SUPPORTED_PLATFORMS = "iphoneos iphonesimulator";
				SUPPORTS_MACCATALYST = NO;
				SUPPORTS_XR_DESIGNED_FOR_IPHONE_IPAD = NO;
				SWIFT_EMIT_LOC_STRINGS = YES;
				SWIFT_VERSION = 5.0;
				TARGETED_DEVICE_FAMILY = 1;
			};
			name = Release;
		};
		C219ECFF2DAAE30D0063AB7E /* Debug */ = {
			isa = XCBuildConfiguration;
			buildSettings = {
				BUNDLE_LOADER = "$(TEST_HOST)";
				CODE_SIGN_STYLE = Automatic;
				CURRENT_PROJECT_VERSION = 1;
				DEVELOPMENT_TEAM = 87T8W36ZSD;
				GENERATE_INFOPLIST_FILE = YES;
				IPHONEOS_DEPLOYMENT_TARGET = 18.4;
				MARKETING_VERSION = 1.0;
				PRODUCT_BUNDLE_IDENTIFIER = kartavkun.RaspTests;
				PRODUCT_NAME = "$(TARGET_NAME)";
				SWIFT_EMIT_LOC_STRINGS = NO;
				SWIFT_VERSION = 5.0;
				TARGETED_DEVICE_FAMILY = "1,2";
				TEST_HOST = "$(BUILT_PRODUCTS_DIR)/Raspy.app/$(BUNDLE_EXECUTABLE_FOLDER_PATH)/Raspy";
			};
			name = Debug;
		};
		C219ED002DAAE30D0063AB7E /* Release */ = {
			isa = XCBuildConfiguration;
			buildSettings = {
				BUNDLE_LOADER = "$(TEST_HOST)";
				CODE_SIGN_STYLE = Automatic;
				CURRENT_PROJECT_VERSION = 1;
				DEVELOPMENT_TEAM = 87T8W36ZSD;
				GENERATE_INFOPLIST_FILE = YES;
				IPHONEOS_DEPLOYMENT_TARGET = 18.4;
				MARKETING_VERSION = 1.0;
				PRODUCT_BUNDLE_IDENTIFIER = kartavkun.RaspTests;
				PRODUCT_NAME = "$(TARGET_NAME)";
				SWIFT_EMIT_LOC_STRINGS = NO;
				SWIFT_VERSION = 5.0;
				TARGETED_DEVICE_FAMILY = "1,2";
				TEST_HOST = "$(BUILT_PRODUCTS_DIR)/Raspy.app/$(BUNDLE_EXECUTABLE_FOLDER_PATH)/Raspy";
			};
			name = Release;
		};
		C219ED022DAAE30D0063AB7E /* Debug */ = {
			isa = XCBuildConfiguration;
			buildSettings = {
				CODE_SIGN_STYLE = Automatic;
				CURRENT_PROJECT_VERSION = 1;
				DEVELOPMENT_TEAM = 87T8W36ZSD;
				GENERATE_INFOPLIST_FILE = YES;
				MARKETING_VERSION = 1.0;
				PRODUCT_BUNDLE_IDENTIFIER = kartavkun.RaspUITests;
				PRODUCT_NAME = "$(TARGET_NAME)";
				SWIFT_EMIT_LOC_STRINGS = NO;
				SWIFT_VERSION = 5.0;
				TARGETED_DEVICE_FAMILY = "1,2";
				TEST_TARGET_NAME = Rasp;
			};
			name = Debug;
		};
		C219ED032DAAE30D0063AB7E /* Release */ = {
			isa = XCBuildConfiguration;
			buildSettings = {
				CODE_SIGN_STYLE = Automatic;
				CURRENT_PROJECT_VERSION = 1;
				DEVELOPMENT_TEAM = 87T8W36ZSD;
				GENERATE_INFOPLIST_FILE = YES;
				MARKETING_VERSION = 1.0;
				PRODUCT_BUNDLE_IDENTIFIER = kartavkun.RaspUITests;
				PRODUCT_NAME = "$(TARGET_NAME)";
				SWIFT_EMIT_LOC_STRINGS = NO;
				SWIFT_VERSION = 5.0;
				TARGETED_DEVICE_FAMILY = "1,2";
				TEST_TARGET_NAME = Rasp;
			};
			name = Release;
		};
/* End XCBuildConfiguration section */

/* Begin XCConfigurationList section */
		C219ECD32DAAE3090063AB7E /* Build configuration list for PBXProject "Raspy" */ = {
			isa = XCConfigurationList;
			buildConfigurations = (
				C219ECF92DAAE30D0063AB7E /* Debug */,
				C219ECFA2DAAE30D0063AB7E /* Release */,
			);
			defaultConfigurationIsVisible = 0;
			defaultConfigurationName = Release;
		};
		C219ECFB2DAAE30D0063AB7E /* Build configuration list for PBXNativeTarget "Raspy" */ = {
			isa = XCConfigurationList;
			buildConfigurations = (
				C219ECFC2DAAE30D0063AB7E /* Debug */,
				C219ECFD2DAAE30D0063AB7E /* Release */,
			);
			defaultConfigurationIsVisible = 0;
			defaultConfigurationName = Release;
		};
		C219ECFE2DAAE30D0063AB7E /* Build configuration list for PBXNativeTarget "RaspyTests" */ = {
			isa = XCConfigurationList;
			buildConfigurations = (
				C219ECFF2DAAE30D0063AB7E /* Debug */,
				C219ED002DAAE30D0063AB7E /* Release */,
			);
			defaultConfigurationIsVisible = 0;
			defaultConfigurationName = Release;
		};
		C219ED012DAAE30D0063AB7E /* Build configuration list for PBXNativeTarget "RaspyUITests" */ = {
			isa = XCConfigurationList;
			buildConfigurations = (
				C219ED022DAAE30D0063AB7E /* Debug */,
				C219ED032DAAE30D0063AB7E /* Release */,
			);
			defaultConfigurationIsVisible = 0;
			defaultConfigurationName = Release;
		};
/* End XCConfigurationList section */

/* Begin XCRemoteSwiftPackageReference section */
		C283DDD42F29F356007308E0 /* XCRemoteSwiftPackageReference "SwiftSoup" */ = {
			isa = XCRemoteSwiftPackageReference;
			repositoryURL = "https://github.com/scinfu/SwiftSoup.git";
			requirement = {
				kind = upToNextMajorVersion;
				minimumVersion = 2.11.3;
			};
		};
/* End XCRemoteSwiftPackageReference section */

/* Begin XCSwiftPackageProductDependency section */
		C283DDD62F29F99E007308E0 /* SwiftSoup */ = {
			isa = XCSwiftPackageProductDependency;
			package = C283DDD42F29F356007308E0 /* XCRemoteSwiftPackageReference "SwiftSoup" */;
			productName = SwiftSoup;
		};
/* End XCSwiftPackageProductDependency section */
	};
	rootObject = C219ECD02DAAE3090063AB7E /* Project object */;
}
